
Microsoft Visual Studio Solution File, Format Version 12.00
# Visual Studio Version 17
VisualStudioVersion = 17.10.35004.147
MinimumVisualStudioVersion = 10.0.40219.1
Project("{9A19103F-16F7-4668-BE54-9A1E7A4F7556}") = "AnythingToGif", "AnythingToGif\AnythingToGif.csproj", "{30313E0F-9E1F-46CE-A024-D830DB2027C9}"
EndProject
Project("{2150E333-8FDC-42A3-9474-1A3956D46DE8}") = "GitHub", "GitHub", "{093FFBB0-B9F7-48A9-8CA2-E6EC70393FDA}"
	ProjectSection(SolutionItems) = preProject
		.gitattributes = .gitattributes
		.gitignore = .gitignore
		LICENSE = LICENSE
		README.md = README.md
	EndProjectSection
EndProject
Project("{9A19103F-16F7-4668-BE54-9A1E7A4F7556}") = "GifFileFormat", "GifFileFormat\GifFileFormat.csproj", "{059030E7-DC59-45A1-8B34-F22BBDBE3317}"
EndProject
Project("{2150E333-8FDC-42A3-9474-1A3956D46DE8}") = "Workflows", "Workflows", "{8C6F8FAF-89F6-4BD5-B63A-C362387A5FCD}"
	ProjectSection(SolutionItems) = preProject
		.github\workflows\Build.yml = .github\workflows\Build.yml
		.github\workflows\UpdateVersions.pl = .github\workflows\UpdateVersions.pl
	EndProjectSection
EndProject
Global
	GlobalSection(SolutionConfigurationPlatforms) = preSolution
		Debug|Any CPU = Debug|Any CPU
		Release|Any CPU = Release|Any CPU
	EndGlobalSection
	GlobalSection(ProjectConfigurationPlatforms) = postSolution
		{30313E0F-9E1F-46CE-A024-D830DB2027C9}.Debug|Any CPU.ActiveCfg = Debug|Any CPU
		{30313E0F-9E1F-46CE-A024-D830DB2027C9}.Debug|Any CPU.Build.0 = Debug|Any CPU
		{30313E0F-9E1F-46CE-A024-D830DB2027C9}.Release|Any CPU.ActiveCfg = Release|Any CPU
		{30313E0F-9E1F-46CE-A024-D830DB2027C9}.Release|Any CPU.Build.0 = Release|Any CPU
		{059030E7-DC59-45A1-8B34-F22BBDBE3317}.Debug|Any CPU.ActiveCfg = Debug|Any CPU
		{059030E7-DC59-45A1-8B34-F22BBDBE3317}.Debug|Any CPU.Build.0 = Debug|Any CPU
		{059030E7-DC59-45A1-8B34-F22BBDBE3317}.Release|Any CPU.ActiveCfg = Release|Any CPU
		{059030E7-DC59-45A1-8B34-F22BBDBE3317}.Release|Any CPU.Build.0 = Release|Any CPU
	EndGlobalSection
	GlobalSection(SolutionProperties) = preSolution
		HideSolutionNode = FALSE
	EndGlobalSection
	GlobalSection(NestedProjects) = preSolution
		{8C6F8FAF-89F6-4BD5-B63A-C362387A5FCD} = {093FFBB0-B9F7-48A9-8CA2-E6EC70393FDA}
	EndGlobalSection
	GlobalSection(ExtensibilityGlobals) = postSolution
		SolutionGuid = {26B067E9-0262-46FA-948A-031D9EBA4DC1}
	EndGlobalSection
EndGlobal
