
Microsoft Visual Studio Solution File, Format Version 12.00
# Visual Studio Version 17
VisualStudioVersion = 17.10.35004.147
MinimumVisualStudioVersion = 10.0.40219.1
Project("{FAE04EC0-301F-11D3-BF4B-00C04F79EFBC}") = "AnythingToGif", "AnythingToGif\AnythingToGif.csproj", "{30313E0F-9E1F-46CE-A024-D830DB2027C9}"
EndProject
Global
	GlobalSection(SolutionConfigurationPlatforms) = preSolution
		Debug|Any CPU = Debug|Any CPU
		Release|Any CPU = Release|Any CPU
	EndGlobalSection
	GlobalSection(ProjectConfigurationPlatforms) = postSolution
		{30313E0F-9E1F-46CE-A024-D830DB2027C9}.Debug|Any CPU.ActiveCfg = Debug|Any CPU
		{30313E0F-9E1F-46CE-A024-D830DB2027C9}.Debug|Any CPU.Build.0 = Debug|Any CPU
		{30313E0F-9E1F-46CE-A024-D830DB2027C9}.Release|Any CPU.ActiveCfg = Release|Any CPU
		{30313E0F-9E1F-46CE-A024-D830DB2027C9}.Release|Any CPU.Build.0 = Release|Any CPU
	EndGlobalSection
	GlobalSection(SolutionProperties) = preSolution
		HideSolutionNode = FALSE
	EndGlobalSection
	GlobalSection(ExtensibilityGlobals) = postSolution
		SolutionGuid = {26B067E9-0262-46FA-948A-031D9EBA4DC1}
	EndGlobalSection
EndGlobal
